
Microsoft Visual Studio Solution File, Format Version 12.00
# Visual Studio Version 17
VisualStudioVersion = 17.14.36616.10
MinimumVisualStudioVersion = 10.0.40219.1
Project("{FAE04EC0-301F-11D3-BF4B-00C04F79EFBC}") = "UtilityManagmentApi", "UtilityManagmentApi.csproj", "{CCC7A20F-7C09-4BE1-94AA-D9AE9B23F0CA}"
EndProject
Project("{FAE04EC0-301F-11D3-BF4B-00C04F79EFBC}") = "UtilityManagementTest", "..\UtilityManagementTest\UtilityManagementTest.csproj", "{EA2D8187-53DE-4650-AA7F-A59A61CD8B07}"
EndProject
Global
	GlobalSection(SolutionConfigurationPlatforms) = preSolution
		Debug|Any CPU = Debug|Any CPU
		Release|Any CPU = Release|Any CPU
	EndGlobalSection
	GlobalSection(ProjectConfigurationPlatforms) = postSolution
		{CCC7A20F-7C09-4BE1-94AA-D9AE9B23F0CA}.Debug|Any CPU.ActiveCfg = Debug|Any CPU
		{CCC7A20F-7C09-4BE1-94AA-D9AE9B23F0CA}.Debug|Any CPU.Build.0 = Debug|Any CPU
		{CCC7A20F-7C09-4BE1-94AA-D9AE9B23F0CA}.Release|Any CPU.ActiveCfg = Release|Any CPU
		{CCC7A20F-7C09-4BE1-94AA-D9AE9B23F0CA}.Release|Any CPU.Build.0 = Release|Any CPU
		{EA2D8187-53DE-4650-AA7F-A59A61CD8B07}.Debug|Any CPU.ActiveCfg = Debug|Any CPU
		{EA2D8187-53DE-4650-AA7F-A59A61CD8B07}.Debug|Any CPU.Build.0 = Debug|Any CPU
		{EA2D8187-53DE-4650-AA7F-A59A61CD8B07}.Release|Any CPU.ActiveCfg = Release|Any CPU
		{EA2D8187-53DE-4650-AA7F-A59A61CD8B07}.Release|Any CPU.Build.0 = Release|Any CPU
	EndGlobalSection
	GlobalSection(SolutionProperties) = preSolution
		HideSolutionNode = FALSE
	EndGlobalSection
	GlobalSection(ExtensibilityGlobals) = postSolution
		SolutionGuid = {D41F99E2-F9B2-433D-8D29-DE3D28574056}
	EndGlobalSection
EndGlobal
